
Microsoft Visual Studio Solution File, Format Version 12.00
# Visual Studio Version 16
VisualStudioVersion = 16.0.30717.126
MinimumVisualStudioVersion = 10.0.40219.1
Project("{FAE04EC0-301F-11D3-BF4B-00C04F79EFBC}") = "ServiceBusPract_CreateQueue", "ServiceBusPract_CreateQueue\ServiceBusPract_CreateQueue.csproj", "{5E0EDD97-50A8-4CA7-9A01-00ED2CFDD818}"
EndProject
Global
	GlobalSection(SolutionConfigurationPlatforms) = preSolution
		Debug|Any CPU = Debug|Any CPU
		Release|Any CPU = Release|Any CPU
	EndGlobalSection
	GlobalSection(ProjectConfigurationPlatforms) = postSolution
		{5E0EDD97-50A8-4CA7-9A01-00ED2CFDD818}.Debug|Any CPU.ActiveCfg = Debug|Any CPU
		{5E0EDD97-50A8-4CA7-9A01-00ED2CFDD818}.Debug|Any CPU.Build.0 = Debug|Any CPU
		{5E0EDD97-50A8-4CA7-9A01-00ED2CFDD818}.Release|Any CPU.ActiveCfg = Release|Any CPU
		{5E0EDD97-50A8-4CA7-9A01-00ED2CFDD818}.Release|Any CPU.Build.0 = Release|Any CPU
	EndGlobalSection
	GlobalSection(SolutionProperties) = preSolution
		HideSolutionNode = FALSE
	EndGlobalSection
	GlobalSection(ExtensibilityGlobals) = postSolution
		SolutionGuid = {99E6F55F-DD39-499F-8732-28ACD9933D30}
	EndGlobalSection
EndGlobal
