
Microsoft Visual Studio Solution File, Format Version 12.00
# Visual Studio Version 16
VisualStudioVersion = 16.0.30717.126
MinimumVisualStudioVersion = 10.0.40219.1
Project("{FAE04EC0-301F-11D3-BF4B-00C04F79EFBC}") = "StorageQueue_WebApp", "StorageQueue_WebApp\StorageQueue_WebApp.csproj", "{FCC4A65C-FA48-4610-8BFD-D94157C9E551}"
EndProject
Global
	GlobalSection(SolutionConfigurationPlatforms) = preSolution
		Debug|Any CPU = Debug|Any CPU
		Release|Any CPU = Release|Any CPU
	EndGlobalSection
	GlobalSection(ProjectConfigurationPlatforms) = postSolution
		{FCC4A65C-FA48-4610-8BFD-D94157C9E551}.Debug|Any CPU.ActiveCfg = Debug|Any CPU
		{FCC4A65C-FA48-4610-8BFD-D94157C9E551}.Debug|Any CPU.Build.0 = Debug|Any CPU
		{FCC4A65C-FA48-4610-8BFD-D94157C9E551}.Release|Any CPU.ActiveCfg = Release|Any CPU
		{FCC4A65C-FA48-4610-8BFD-D94157C9E551}.Release|Any CPU.Build.0 = Release|Any CPU
	EndGlobalSection
	GlobalSection(SolutionProperties) = preSolution
		HideSolutionNode = FALSE
	EndGlobalSection
	GlobalSection(ExtensibilityGlobals) = postSolution
		SolutionGuid = {B7AAF034-9D2A-470C-9029-103CC6F1F7A3}
	EndGlobalSection
EndGlobal
