
Microsoft Visual Studio Solution File, Format Version 12.00
# Visual Studio Version 16
VisualStudioVersion = 16.0.30717.126
MinimumVisualStudioVersion = 10.0.40219.1
Project("{FAE04EC0-301F-11D3-BF4B-00C04F79EFBC}") = "AppConfig_Example", "AppConfig_Example\AppConfig_Example.csproj", "{717B0555-E18A-4645-BC5D-6EC4C8436ABE}"
EndProject
Global
	GlobalSection(SolutionConfigurationPlatforms) = preSolution
		Debug|Any CPU = Debug|Any CPU
		Release|Any CPU = Release|Any CPU
	EndGlobalSection
	GlobalSection(ProjectConfigurationPlatforms) = postSolution
		{717B0555-E18A-4645-BC5D-6EC4C8436ABE}.Debug|Any CPU.ActiveCfg = Debug|Any CPU
		{717B0555-E18A-4645-BC5D-6EC4C8436ABE}.Debug|Any CPU.Build.0 = Debug|Any CPU
		{717B0555-E18A-4645-BC5D-6EC4C8436ABE}.Release|Any CPU.ActiveCfg = Release|Any CPU
		{717B0555-E18A-4645-BC5D-6EC4C8436ABE}.Release|Any CPU.Build.0 = Release|Any CPU
	EndGlobalSection
	GlobalSection(SolutionProperties) = preSolution
		HideSolutionNode = FALSE
	EndGlobalSection
	GlobalSection(ExtensibilityGlobals) = postSolution
		SolutionGuid = {6C4B72ED-52EA-4A32-A810-EA8780984C48}
	EndGlobalSection
EndGlobal
