
Microsoft Visual Studio Solution File, Format Version 12.00
# Visual Studio Version 16
VisualStudioVersion = 16.0.30717.126
MinimumVisualStudioVersion = 10.0.40219.1
Project("{FAE04EC0-301F-11D3-BF4B-00C04F79EFBC}") = "WebApi_Example", "WebApi_Example\WebApi_Example.csproj", "{46116B89-E83D-40E5-9529-BD83FFBE0EDB}"
EndProject
Global
	GlobalSection(SolutionConfigurationPlatforms) = preSolution
		Debug|Any CPU = Debug|Any CPU
		Release|Any CPU = Release|Any CPU
	EndGlobalSection
	GlobalSection(ProjectConfigurationPlatforms) = postSolution
		{46116B89-E83D-40E5-9529-BD83FFBE0EDB}.Debug|Any CPU.ActiveCfg = Debug|Any CPU
		{46116B89-E83D-40E5-9529-BD83FFBE0EDB}.Debug|Any CPU.Build.0 = Debug|Any CPU
		{46116B89-E83D-40E5-9529-BD83FFBE0EDB}.Release|Any CPU.ActiveCfg = Release|Any CPU
		{46116B89-E83D-40E5-9529-BD83FFBE0EDB}.Release|Any CPU.Build.0 = Release|Any CPU
	EndGlobalSection
	GlobalSection(SolutionProperties) = preSolution
		HideSolutionNode = FALSE
	EndGlobalSection
	GlobalSection(ExtensibilityGlobals) = postSolution
		SolutionGuid = {5CA70C8C-3D9E-4B91-8F11-F21D77CB214B}
	EndGlobalSection
EndGlobal
